
Microsoft Visual Studio Solution File, Format Version 12.00
# Visual Studio 15
VisualStudioVersion = 15.0.27703.2026
MinimumVisualStudioVersion = 10.0.40219.1
Project("{FAE04EC0-301F-11D3-BF4B-00C04F79EFBC}") = "ShoppingCartTests", "ShoppingCartTests.csproj", "{F605C04D-95D1-4A7F-BC10-149D4839F869}"
EndProject
Project("{FAE04EC0-301F-11D3-BF4B-00C04F79EFBC}") = "ShoppingCart", "..\ShoppingCart\ShoppingCart.csproj", "{74BA1B86-D24B-471A-A4EF-E5B1C124EBFE}"
EndProject
Global
	GlobalSection(SolutionConfigurationPlatforms) = preSolution
		Debug|Any CPU = Debug|Any CPU
		Release|Any CPU = Release|Any CPU
	EndGlobalSection
	GlobalSection(ProjectConfigurationPlatforms) = postSolution
		{F605C04D-95D1-4A7F-BC10-149D4839F869}.Debug|Any CPU.ActiveCfg = Debug|Any CPU
		{F605C04D-95D1-4A7F-BC10-149D4839F869}.Debug|Any CPU.Build.0 = Debug|Any CPU
		{F605C04D-95D1-4A7F-BC10-149D4839F869}.Release|Any CPU.ActiveCfg = Release|Any CPU
		{F605C04D-95D1-4A7F-BC10-149D4839F869}.Release|Any CPU.Build.0 = Release|Any CPU
		{74BA1B86-D24B-471A-A4EF-E5B1C124EBFE}.Debug|Any CPU.ActiveCfg = Debug|Any CPU
		{74BA1B86-D24B-471A-A4EF-E5B1C124EBFE}.Debug|Any CPU.Build.0 = Debug|Any CPU
		{74BA1B86-D24B-471A-A4EF-E5B1C124EBFE}.Release|Any CPU.ActiveCfg = Release|Any CPU
		{74BA1B86-D24B-471A-A4EF-E5B1C124EBFE}.Release|Any CPU.Build.0 = Release|Any CPU
	EndGlobalSection
	GlobalSection(SolutionProperties) = preSolution
		HideSolutionNode = FALSE
	EndGlobalSection
	GlobalSection(ExtensibilityGlobals) = postSolution
		SolutionGuid = {20F5A2C5-8B0D-4525-AC09-D39C2959D541}
	EndGlobalSection
EndGlobal
